{
  "requires": true,
  "lockfileVersion": 1,
  "dependencies": {
    "dot-prop": {
      "version": "4.2.0",
      "resolved": "https://registry.npmjs.org/dot-prop/-/dot-prop-4.2.0.tgz",
      "integrity": "sha512-tUMXrxlExSW6U2EXiiKGSBVdYgtV8qlHL+C10TsW4PURY/ic+eaysnSkwB4kA/mBlCyy/IKDJ+Lc3wbWeaXtuQ==",
      "dev": true,
      "requires": {
        "is-obj": "1.0.1"
      }
    },
    "indexes-of": {
      "version": "1.0.1",
      "resolved": "https://registry.npmjs.org/indexes-of/-/indexes-of-1.0.1.tgz",
      "integrity": "sha1-8w9xbI4r00bHtn0985FVZqfAVgc=",
      "dev": true
    },
    "is-obj": {
      "version": "1.0.1",
      "resolved": "https://registry.npmjs.org/is-obj/-/is-obj-1.0.1.tgz",
      "integrity": "sha1-PkcprB9f3gJc19g6iW2rn09n2w8=",
      "dev": true
    },
    "postcss-media-query-parser": {
      "version": "0.2.3",
      "resolved": "https://registry.npmjs.org/postcss-media-query-parser/-/postcss-media-query-parser-0.2.3.tgz",
      "integrity": "sha1-J7Ocb02U+Bsac7j3Y1HGCeXO8kQ=",
      "dev": true
    },
    "postcss-resolve-nested-selector": {
      "version": "0.1.1",
      "resolved": "https://registry.npmjs.org/postcss-resolve-nested-selector/-/postcss-resolve-nested-selector-0.1.1.tgz",
      "integrity": "sha1-Kcy8fDfe36wwTp//C/FZaz9qDk4=",
      "dev": true
    },
    "postcss-selector-parser": {
      "version": "3.1.1",
      "resolved": "https://registry.npmjs.org/postcss-selector-parser/-/postcss-selector-parser-3.1.1.tgz",
      "integrity": "sha1-T4dfSvsMllc9XPTXQBGu4lCn6GU=",
      "dev": true,
      "requires": {
        "dot-prop": "4.2.0",
        "indexes-of": "1.0.1",
        "uniq": "1.0.1"
      }
    },
    "postcss-value-parser": {
      "version": "3.3.0",
      "resolved": "https://registry.npmjs.org/postcss-value-parser/-/postcss-value-parser-3.3.0.tgz",
      "integrity": "sha1-h/OPnxj3dKSrTIojL1xc6IcqnRU=",
      "dev": true
    },
    "stylelint-scss": {
      "version": "3.0.1",
      "resolved": "https://registry.npmjs.org/stylelint-scss/-/stylelint-scss-3.0.1.tgz",
      "integrity": "sha512-ETC+7nfThoUcN/PjHFA3WVuJz73jV1ydl+q6if8fxJGAkL4hsbGCLVLdb8cSRsHxAKb0ODrjnmLran3XUk5ecg==",
      "dev": true,
      "requires": {
        "lodash": "4.17.10",
        "postcss-media-query-parser": "0.2.3",
        "postcss-resolve-nested-selector": "0.1.1",
        "postcss-selector-parser": "3.1.1",
        "postcss-value-parser": "3.3.0"
      },
      "dependencies": {
        "lodash": {
          "version": "4.17.10",
          "resolved": "https://registry.npmjs.org/lodash/-/lodash-4.17.10.tgz",
          "integrity": "sha512-UejweD1pDoXu+AD825lWwp4ZGtSwgnpZxb3JDViD7StjQz+Nb/6l093lx4OQ0foGWNRoc19mWy7BzL+UAK2iVg==",
          "dev": true
        }
      }
    },
    "uniq": {
      "version": "1.0.1",
      "resolved": "https://registry.npmjs.org/uniq/-/uniq-1.0.1.tgz",
      "integrity": "sha1-sxxa6CVIRKOoKBVBzisEuGWnNP8=",
      "dev": true
    }
  }
}
